
Microsoft Visual Studio Solution File, Format Version 12.00
# Visual Studio Version 17
VisualStudioVersion = 17.11.35222.181
MinimumVisualStudioVersion = 10.0.40219.1
Project("{9A19103F-16F7-4668-BE54-9A1E7A4F7556}") = "ClientePersonaService", "ClientePersonaService\ClientePersonaService.csproj", "{5328DFE9-A8FA-4FD5-A3F7-F25F74366E64}"
EndProject
Project("{9A19103F-16F7-4668-BE54-9A1E7A4F7556}") = "CuentaMovimientosService", "CuentaMovimientosService\CuentaMovimientosService.csproj", "{CF9DD5AF-934E-4D09-BF5A-2988FB2F8007}"
EndProject
Project("{2150E333-8FDC-42A3-9474-1A3956D46DE8}") = "Elementos de la solución", "Elementos de la solución", "{6A16E6FA-20F9-493C-8350-E7AF3E2A162D}"
	ProjectSection(SolutionItems) = preProject
		.gitignore = .gitignore
		docker-compose.yml = docker-compose.yml
	EndProjectSection
EndProject
Project("{FAE04EC0-301F-11D3-BF4B-00C04F79EFBC}") = "Services.Tests", "ClientePersonaService.Tests\Services.Tests.csproj", "{F943598B-BE7B-47BA-94F9-7B8D774FE5F6}"
EndProject
Global
	GlobalSection(SolutionConfigurationPlatforms) = preSolution
		Debug|Any CPU = Debug|Any CPU
		Release|Any CPU = Release|Any CPU
	EndGlobalSection
	GlobalSection(ProjectConfigurationPlatforms) = postSolution
		{5328DFE9-A8FA-4FD5-A3F7-F25F74366E64}.Debug|Any CPU.ActiveCfg = Debug|Any CPU
		{5328DFE9-A8FA-4FD5-A3F7-F25F74366E64}.Debug|Any CPU.Build.0 = Debug|Any CPU
		{5328DFE9-A8FA-4FD5-A3F7-F25F74366E64}.Release|Any CPU.ActiveCfg = Release|Any CPU
		{5328DFE9-A8FA-4FD5-A3F7-F25F74366E64}.Release|Any CPU.Build.0 = Release|Any CPU
		{CF9DD5AF-934E-4D09-BF5A-2988FB2F8007}.Debug|Any CPU.ActiveCfg = Debug|Any CPU
		{CF9DD5AF-934E-4D09-BF5A-2988FB2F8007}.Debug|Any CPU.Build.0 = Debug|Any CPU
		{CF9DD5AF-934E-4D09-BF5A-2988FB2F8007}.Release|Any CPU.ActiveCfg = Release|Any CPU
		{CF9DD5AF-934E-4D09-BF5A-2988FB2F8007}.Release|Any CPU.Build.0 = Release|Any CPU
		{F943598B-BE7B-47BA-94F9-7B8D774FE5F6}.Debug|Any CPU.ActiveCfg = Debug|Any CPU
		{F943598B-BE7B-47BA-94F9-7B8D774FE5F6}.Debug|Any CPU.Build.0 = Debug|Any CPU
		{F943598B-BE7B-47BA-94F9-7B8D774FE5F6}.Release|Any CPU.ActiveCfg = Release|Any CPU
		{F943598B-BE7B-47BA-94F9-7B8D774FE5F6}.Release|Any CPU.Build.0 = Release|Any CPU
	EndGlobalSection
	GlobalSection(SolutionProperties) = preSolution
		HideSolutionNode = FALSE
	EndGlobalSection
	GlobalSection(ExtensibilityGlobals) = postSolution
		SolutionGuid = {46902D5C-95E8-46FF-A10E-0B59D40CFEDA}
	EndGlobalSection
EndGlobal
